PODS:
  - swift-minikit (1.0.1):
    - swift-minikit/MNBase (= 1.0.1)
  - swift-minikit/MNBase (1.0.1)

DEPENDENCIES:
  - swift-minikit

SPEC REPOS:
  https://github.com/cocoapods/specs.git:
    - swift-minikit

SPEC CHECKSUMS:
  swift-minikit: b3d7d4dc89467aee3684d6be4afd8c9ff479068c

PODFILE CHECKSUM: 617dbac65d06317f60ee86fef4f9dc52d8fb8aab

COCOAPODS: 1.5.3
